
Microsoft Visual Studio Solution File, Format Version 12.00
# Visual Studio Version 17
VisualStudioVersion = 17.11.35327.3
MinimumVisualStudioVersion = 10.0.40219.1
Project("{FAE04EC0-301F-11D3-BF4B-00C04F79EFBC}") = "ManejoDatos", "ManejoDatos\ManejoDatos.csproj", "{F715CDF1-212A-49AF-AA7C-F6D75F4E1449}"
EndProject
Global
	GlobalSection(SolutionConfigurationPlatforms) = preSolution
		Debug|Any CPU = Debug|Any CPU
		Release|Any CPU = Release|Any CPU
	EndGlobalSection
	GlobalSection(ProjectConfigurationPlatforms) = postSolution
		{F715CDF1-212A-49AF-AA7C-F6D75F4E1449}.Debug|Any CPU.ActiveCfg = Debug|Any CPU
		{F715CDF1-212A-49AF-AA7C-F6D75F4E1449}.Debug|Any CPU.Build.0 = Debug|Any CPU
		{F715CDF1-212A-49AF-AA7C-F6D75F4E1449}.Debug|Any CPU.Deploy.0 = Debug|Any CPU
		{F715CDF1-212A-49AF-AA7C-F6D75F4E1449}.Release|Any CPU.ActiveCfg = Release|Any CPU
		{F715CDF1-212A-49AF-AA7C-F6D75F4E1449}.Release|Any CPU.Build.0 = Release|Any CPU
		{F715CDF1-212A-49AF-AA7C-F6D75F4E1449}.Release|Any CPU.Deploy.0 = Release|Any CPU
	EndGlobalSection
	GlobalSection(SolutionProperties) = preSolution
		HideSolutionNode = FALSE
	EndGlobalSection
	GlobalSection(ExtensibilityGlobals) = postSolution
		SolutionGuid = {5DFD3B4C-B472-4FF3-A99D-8CB78E9913B7}
	EndGlobalSection
EndGlobal
